// !$*UTF8*$!
{
	archiveVersion = 1;
	classes = {
	};
	objectVersion = 56;
	objects = {

/* Begin PBXBuildFile section */
		D55294542A956006000DC3E2 /* LocationPreviewView.swift in Sources */ = {isa = PBXBuildFile; fileRef = D55294532A956006000DC3E2 /* LocationPreviewView.swift */; };
		D55294562A95723C000DC3E2 /* LocationMapAnnotationView.swift in Sources */ = {isa = PBXBuildFile; fileRef = D55294552A95723C000DC3E2 /* LocationMapAnnotationView.swift */; };
		D55294582A95752C000DC3E2 /* LocationDetailView.swift in Sources */ = {isa = PBXBuildFile; fileRef = D55294572A95752C000DC3E2 /* LocationDetailView.swift */; };
		D58B6ABB2A953890002B0EA7 /* SwiftfulMapAppApp.swift in Sources */ = {isa = PBXBuildFile; fileRef = D58B6ABA2A953890002B0EA7 /* SwiftfulMapAppApp.swift */; };
		D58B6ABD2A953890002B0EA7 /* ContentView.swift in Sources */ = {isa = PBXBuildFile; fileRef = D58B6ABC2A953890002B0EA7 /* ContentView.swift */; };
		D58B6AC22A953890002B0EA7 /* Preview Assets.xcassets in Resources */ = {isa = PBXBuildFile; fileRef = D58B6AC12A953890002B0EA7 /* Preview Assets.xcassets */; };
		D58B6AC92A9538F0002B0EA7 /* Assets.xcassets in Resources */ = {isa = PBXBuildFile; fileRef = D58B6AC82A9538F0002B0EA7 /* Assets.xcassets */; };
		D58B6ACE2A9539A0002B0EA7 /* Location.swift in Sources */ = {isa = PBXBuildFile; fileRef = D58B6ACD2A9539A0002B0EA7 /* Location.swift */; };
		D58B6AD12A953A7D002B0EA7 /* LocationsDataService.swift in Sources */ = {isa = PBXBuildFile; fileRef = D58B6AD02A953A7D002B0EA7 /* LocationsDataService.swift */; };
		D58B6AD32A953E5C002B0EA7 /* LocationsView.swift in Sources */ = {isa = PBXBuildFile; fileRef = D58B6AD22A953E5C002B0EA7 /* LocationsView.swift */; };
		D58B6AD72A95409D002B0EA7 /* LocationsViewModel.swift in Sources */ = {isa = PBXBuildFile; fileRef = D58B6AD62A95409D002B0EA7 /* LocationsViewModel.swift */; };
		D58B6AD92A9545BA002B0EA7 /* LocationsListView.swift in Sources */ = {isa = PBXBuildFile; fileRef = D58B6AD82A9545BA002B0EA7 /* LocationsListView.swift */; };
/* End PBXBuildFile section */

/* Begin PBXFileReference section */
		D55294532A956006000DC3E2 /* LocationPreviewView.swift */ = {isa = PBXFileReference; lastKnownFileType = sourcecode.swift; path = LocationPreviewView.swift; sourceTree = "<group>"; };
		D55294552A95723C000DC3E2 /* LocationMapAnnotationView.swift */ = {isa = PBXFileReference; lastKnownFileType = sourcecode.swift; path = LocationMapAnnotationView.swift; sourceTree = "<group>"; };
		D55294572A95752C000DC3E2 /* LocationDetailView.swift */ = {isa = PBXFileReference; lastKnownFileType = sourcecode.swift; path = LocationDetailView.swift; sourceTree = "<group>"; };
		D55294592A963434000DC3E2 /* Info.plist */ = {isa = PBXFileReference; lastKnownFileType = text.plist; path = Info.plist; sourceTree = "<group>"; };
		D58B6AB72A953890002B0EA7 /* SwiftfulMapApp.app */ = {isa = PBXFileReference; explicitFileType = wrapper.application; includeInIndex = 0; path = SwiftfulMapApp.app; sourceTree = BUILT_PRODUCTS_DIR; };
		D58B6ABA2A953890002B0EA7 /* SwiftfulMapAppApp.swift */ = {isa = PBXFileReference; lastKnownFileType = sourcecode.swift; path = SwiftfulMapAppApp.swift; sourceTree = "<group>"; };
		D58B6ABC2A953890002B0EA7 /* ContentView.swift */ = {isa = PBXFileReference; lastKnownFileType = sourcecode.swift; path = ContentView.swift; sourceTree = "<group>"; };
		D58B6AC12A953890002B0EA7 /* Preview Assets.xcassets */ = {isa = PBXFileReference; lastKnownFileType = folder.assetcatalog; path = "Preview Assets.xcassets"; sourceTree = "<group>"; };
		D58B6AC82A9538F0002B0EA7 /* Assets.xcassets */ = {isa = PBXFileReference; lastKnownFileType = folder.assetcatalog; name = Assets.xcassets; path = "../../../../Desktop/b6dc374-3b0b-6bdc-3b7f-f7ce4c005a_SwiftfulMapApp-Downloads/Assets.xcassets"; sourceTree = "<group>"; };
		D58B6ACD2A9539A0002B0EA7 /* Location.swift */ = {isa = PBXFileReference; lastKnownFileType = sourcecode.swift; path = Location.swift; sourceTree = "<group>"; };
		D58B6AD02A953A7D002B0EA7 /* LocationsDataService.swift */ = {isa = PBXFileReference; fileEncoding = 4; lastKnownFileType = sourcecode.swift; path = LocationsDataService.swift; sourceTree = "<group>"; };
		D58B6AD22A953E5C002B0EA7 /* LocationsView.swift */ = {isa = PBXFileReference; lastKnownFileType = sourcecode.swift; path = LocationsView.swift; sourceTree = "<group>"; };
		D58B6AD62A95409D002B0EA7 /* LocationsViewModel.swift */ = {isa = PBXFileReference; lastKnownFileType = sourcecode.swift; path = LocationsViewModel.swift; sourceTree = "<group>"; };
		D58B6AD82A9545BA002B0EA7 /* LocationsListView.swift */ = {isa = PBXFileReference; lastKnownFileType = sourcecode.swift; path = LocationsListView.swift; sourceTree = "<group>"; };
/* End PBXFileReference section */

/* Begin PBXFrameworksBuildPhase section */
		D58B6AB42A953890002B0EA7 /* Frameworks */ = {
			isa = PBXFrameworksBuildPhase;
			buildActionMask = 2147483647;
			files = (
			);
			runOnlyForDeploymentPostprocessing = 0;
		};
/* End PBXFrameworksBuildPhase section */

/* Begin PBXGroup section */
		D58B6AAE2A953890002B0EA7 = {
			isa = PBXGroup;
			children = (
				D58B6AB92A953890002B0EA7 /* SwiftfulMapApp */,
				D58B6AB82A953890002B0EA7 /* Products */,
			);
			sourceTree = "<group>";
		};
		D58B6AB82A953890002B0EA7 /* Products */ = {
			isa = PBXGroup;
			children = (
				D58B6AB72A953890002B0EA7 /* SwiftfulMapApp.app */,
			);
			name = Products;
			sourceTree = "<group>";
		};
		D58B6AB92A953890002B0EA7 /* SwiftfulMapApp */ = {
			isa = PBXGroup;
			children = (
				D55294592A963434000DC3E2 /* Info.plist */,
				D58B6ABA2A953890002B0EA7 /* SwiftfulMapAppApp.swift */,
				D58B6ABC2A953890002B0EA7 /* ContentView.swift */,
				D58B6ACF2A953A57002B0EA7 /* DataServices */,
				D58B6ACB2A953975002B0EA7 /* Views */,
				D58B6ACA2A95396D002B0EA7 /* ViewModels */,
				D58B6ACC2A95397B002B0EA7 /* Models */,
				D58B6AC82A9538F0002B0EA7 /* Assets.xcassets */,
				D58B6AC02A953890002B0EA7 /* Preview Content */,
			);
			path = SwiftfulMapApp;
			sourceTree = "<group>";
		};
		D58B6AC02A953890002B0EA7 /* Preview Content */ = {
			isa = PBXGroup;
			children = (
				D58B6AC12A953890002B0EA7 /* Preview Assets.xcassets */,
			);
			path = "Preview Content";
			sourceTree = "<group>";
		};
		D58B6ACA2A95396D002B0EA7 /* ViewModels */ = {
			isa = PBXGroup;
			children = (
				D58B6AD62A95409D002B0EA7 /* LocationsViewModel.swift */,
			);
			path = ViewModels;
			sourceTree = "<group>";
		};
		D58B6ACB2A953975002B0EA7 /* Views */ = {
			isa = PBXGroup;
			children = (
				D58B6AD22A953E5C002B0EA7 /* LocationsView.swift */,
				D58B6AD82A9545BA002B0EA7 /* LocationsListView.swift */,
				D55294532A956006000DC3E2 /* LocationPreviewView.swift */,
				D55294552A95723C000DC3E2 /* LocationMapAnnotationView.swift */,
				D55294572A95752C000DC3E2 /* LocationDetailView.swift */,
			);
			path = Views;
			sourceTree = "<group>";
		};
		D58B6ACC2A95397B002B0EA7 /* Models */ = {
			isa = PBXGroup;
			children = (
				D58B6ACD2A9539A0002B0EA7 /* Location.swift */,
			);
			path = Models;
			sourceTree = "<group>";
		};
		D58B6ACF2A953A57002B0EA7 /* DataServices */ = {
			isa = PBXGroup;
			children = (
				D58B6AD02A953A7D002B0EA7 /* LocationsDataService.swift */,
			);
			path = DataServices;
			sourceTree = "<group>";
		};
/* End PBXGroup section */

/* Begin PBXNativeTarget section */
		D58B6AB62A953890002B0EA7 /* SwiftfulMapApp */ = {
			isa = PBXNativeTarget;
			buildConfigurationList = D58B6AC52A953890002B0EA7 /* Build configuration list for PBXNativeTarget "SwiftfulMapApp" */;
			buildPhases = (
				D58B6AB32A953890002B0EA7 /* Sources */,
				D58B6AB42A953890002B0EA7 /* Frameworks */,
				D58B6AB52A953890002B0EA7 /* Resources */,
			);
			buildRules = (
			);
			dependencies = (
			);
			name = SwiftfulMapApp;
			productName = SwiftfulMapApp;
			productReference = D58B6AB72A953890002B0EA7 /* SwiftfulMapApp.app */;
			productType = "com.apple.product-type.application";
		};
/* End PBXNativeTarget section */

/* Begin PBXProject section */
		D58B6AAF2A953890002B0EA7 /* Project object */ = {
			isa = PBXProject;
			attributes = {
				BuildIndependentTargetsInParallel = 1;
				LastSwiftUpdateCheck = 1430;
				LastUpgradeCheck = 1430;
				TargetAttributes = {
					D58B6AB62A953890002B0EA7 = {
						CreatedOnToolsVersion = 14.3.1;
					};
				};
			};
			buildConfigurationList = D58B6AB22A953890002B0EA7 /* Build configuration list for PBXProject "SwiftfulMapApp" */;
			compatibilityVersion = "Xcode 14.0";
			developmentRegion = en;
			hasScannedForEncodings = 0;
			knownRegions = (
				en,
				Base,
			);
			mainGroup = D58B6AAE2A953890002B0EA7;
			productRefGroup = D58B6AB82A953890002B0EA7 /* Products */;
			projectDirPath = "";
			projectRoot = "";
			targets = (
				D58B6AB62A953890002B0EA7 /* SwiftfulMapApp */,
			);
		};
/* End PBXProject section */

/* Begin PBXResourcesBuildPhase section */
		D58B6AB52A953890002B0EA7 /* Resources */ = {
			isa = PBXResourcesBuildPhase;
			buildActionMask = 2147483647;
			files = (
				D58B6AC22A953890002B0EA7 /* Preview Assets.xcassets in Resources */,
				D58B6AC92A9538F0002B0EA7 /* Assets.xcassets in Resources */,
			);
			runOnlyForDeploymentPostprocessing = 0;
		};
/* End PBXResourcesBuildPhase section */

/* Begin PBXSourcesBuildPhase section */
		D58B6AB32A953890002B0EA7 /* Sources */ = {
			isa = PBXSourcesBuildPhase;
			buildActionMask = 2147483647;
			files = (
				D58B6AD12A953A7D002B0EA7 /* LocationsDataService.swift in Sources */,
				D55294562A95723C000DC3E2 /* LocationMapAnnotationView.swift in Sources */,
				D58B6AD92A9545BA002B0EA7 /* LocationsListView.swift in Sources */,
				D55294542A956006000DC3E2 /* LocationPreviewView.swift in Sources */,
				D58B6AD72A95409D002B0EA7 /* LocationsViewModel.swift in Sources */,
				D58B6ABD2A953890002B0EA7 /* ContentView.swift in Sources */,
				D58B6AD32A953E5C002B0EA7 /* LocationsView.swift in Sources */,
				D58B6ACE2A9539A0002B0EA7 /* Location.swift in Sources */,
				D55294582A95752C000DC3E2 /* LocationDetailView.swift in Sources */,
				D58B6ABB2A953890002B0EA7 /* SwiftfulMapAppApp.swift in Sources */,
			);
			runOnlyForDeploymentPostprocessing = 0;
		};
/* End PBXSourcesBuildPhase section */

/* Begin XCBuildConfiguration section */
		D58B6AC32A953890002B0EA7 /* Debug */ = {
			isa = XCBuildConfiguration;
			buildSettings = {
				ALWAYS_SEARCH_USER_PATHS = NO;
				CLANG_ANALYZER_NONNULL = YES;
				CLANG_ANALYZER_NUMBER_OBJECT_CONVERSION = YES_AGGRESSIVE;
				CLANG_CXX_LANGUAGE_STANDARD = "gnu++20";
				CLANG_ENABLE_MODULES = YES;
				CLANG_ENABLE_OBJC_ARC = YES;
				CLANG_ENABLE_OBJC_WEAK = YES;
				CLANG_WARN_BLOCK_CAPTURE_AUTORELEASING = YES;
				CLANG_WARN_BOOL_CONVERSION = YES;
				CLANG_WARN_COMMA = YES;
				CLANG_WARN_CONSTANT_CONVERSION = YES;
				CLANG_WARN_DEPRECATED_OBJC_IMPLEMENTATIONS = YES;
				CLANG_WARN_DIRECT_OBJC_ISA_USAGE = YES_ERROR;
				CLANG_WARN_DOCUMENTATION_COMMENTS = YES;
				CLANG_WARN_EMPTY_BODY = YES;
				CLANG_WARN_ENUM_CONVERSION = YES;
				CLANG_WARN_INFINITE_RECURSION = YES;
				CLANG_WARN_INT_CONVERSION = YES;
				CLANG_WARN_NON_LITERAL_NULL_CONVERSION = YES;
				CLANG_WARN_OBJC_IMPLICIT_RETAIN_SELF = YES;
				CLANG_WARN_OBJC_LITERAL_CONVERSION = YES;
				CLANG_WARN_OBJC_ROOT_CLASS = YES_ERROR;
				CLANG_WARN_QUOTED_INCLUDE_IN_FRAMEWORK_HEADER = YES;
				CLANG_WARN_RANGE_LOOP_ANALYSIS = YES;
				CLANG_WARN_STRICT_PROTOTYPES = YES;
				CLANG_WARN_SUSPICIOUS_MOVE = YES;
				CLANG_WARN_UNGUARDED_AVAILABILITY = YES_AGGRESSIVE;
				CLANG_WARN_UNREACHABLE_CODE = YES;
				CLANG_WARN__DUPLICATE_METHOD_MATCH = YES;
				COPY_PHASE_STRIP = NO;
				DEBUG_INFORMATION_FORMAT = dwarf;
				ENABLE_STRICT_OBJC_MSGSEND = YES;
				ENABLE_TESTABILITY = YES;
				GCC_C_LANGUAGE_STANDARD = gnu11;
				GCC_DYNAMIC_NO_PIC = NO;
				GCC_NO_COMMON_BLOCKS = YES;
				GCC_OPTIMIZATION_LEVEL = 0;
				GCC_PREPROCESSOR_DEFINITIONS = (
					"DEBUG=1",
					"$(inherited)",
				);
				GCC_WARN_64_TO_32_BIT_CONVERSION = YES;
				GCC_WARN_ABOUT_RETURN_TYPE = YES_ERROR;
				GCC_WARN_UNDECLARED_SELECTOR = YES;
				GCC_WARN_UNINITIALIZED_AUTOS = YES_AGGRESSIVE;
				GCC_WARN_UNUSED_FUNCTION = YES;
				GCC_WARN_UNUSED_VARIABLE = YES;
				IPHONEOS_DEPLOYMENT_TARGET = 16.4;
				MTL_ENABLE_DEBUG_INFO = INCLUDE_SOURCE;
				MTL_FAST_MATH = YES;
				ONLY_ACTIVE_ARCH = YES;
				SDKROOT = iphoneos;
				SWIFT_ACTIVE_COMPILATION_CONDITIONS = DEBUG;
				SWIFT_OPTIMIZATION_LEVEL = "-Onone";
			};
			name = Debug;
		};
		D58B6AC42A953890002B0EA7 /* Release */ = {
			isa = XCBuildConfiguration;
			buildSettings = {
				ALWAYS_SEARCH_USER_PATHS = NO;
				CLANG_ANALYZER_NONNULL = YES;
				CLANG_ANALYZER_NUMBER_OBJECT_CONVERSION = YES_AGGRESSIVE;
				CLANG_CXX_LANGUAGE_STANDARD = "gnu++20";
				CLANG_ENABLE_MODULES = YES;
				CLANG_ENABLE_OBJC_ARC = YES;
				CLANG_ENABLE_OBJC_WEAK = YES;
				CLANG_WARN_BLOCK_CAPTURE_AUTORELEASING = YES;
				CLANG_WARN_BOOL_CONVERSION = YES;
				CLANG_WARN_COMMA = YES;
				CLANG_WARN_CONSTANT_CONVERSION = YES;
				CLANG_WARN_DEPRECATED_OBJC_IMPLEMENTATIONS = YES;
				CLANG_WARN_DIRECT_OBJC_ISA_USAGE = YES_ERROR;
				CLANG_WARN_DOCUMENTATION_COMMENTS = YES;
				CLANG_WARN_EMPTY_BODY = YES;
				CLANG_WARN_ENUM_CONVERSION = YES;
				CLANG_WARN_INFINITE_RECURSION = YES;
				CLANG_WARN_INT_CONVERSION = YES;
				CLANG_WARN_NON_LITERAL_NULL_CONVERSION = YES;
				CLANG_WARN_OBJC_IMPLICIT_RETAIN_SELF = YES;
				CLANG_WARN_OBJC_LITERAL_CONVERSION = YES;
				CLANG_WARN_OBJC_ROOT_CLASS = YES_ERROR;
				CLANG_WARN_QUOTED_INCLUDE_IN_FRAMEWORK_HEADER = YES;
				CLANG_WARN_RANGE_LOOP_ANALYSIS = YES;
				CLANG_WARN_STRICT_PROTOTYPES = YES;
				CLANG_WARN_SUSPICIOUS_MOVE = YES;
				CLANG_WARN_UNGUARDED_AVAILABILITY = YES_AGGRESSIVE;
				CLANG_WARN_UNREACHABLE_CODE = YES;
				CLANG_WARN__DUPLICATE_METHOD_MATCH = YES;
				COPY_PHASE_STRIP = NO;
				DEBUG_INFORMATION_FORMAT = "dwarf-with-dsym";
				ENABLE_NS_ASSERTIONS = NO;
				ENABLE_STRICT_OBJC_MSGSEND = YES;
				GCC_C_LANGUAGE_STANDARD = gnu11;
				GCC_NO_COMMON_BLOCKS = YES;
				GCC_WARN_64_TO_32_BIT_CONVERSION = YES;
				GCC_WARN_ABOUT_RETURN_TYPE = YES_ERROR;
				GCC_WARN_UNDECLARED_SELECTOR = YES;
				GCC_WARN_UNINITIALIZED_AUTOS = YES_AGGRESSIVE;
				GCC_WARN_UNUSED_FUNCTION = YES;
				GCC_WARN_UNUSED_VARIABLE = YES;
				IPHONEOS_DEPLOYMENT_TARGET = 16.4;
				MTL_ENABLE_DEBUG_INFO = NO;
				MTL_FAST_MATH = YES;
				SDKROOT = iphoneos;
				SWIFT_COMPILATION_MODE = wholemodule;
				SWIFT_OPTIMIZATION_LEVEL = "-O";
				VALIDATE_PRODUCT = YES;
			};
			name = Release;
		};
		D58B6AC62A953890002B0EA7 /* Debug */ = {
			isa = XCBuildConfiguration;
			buildSettings = {
				ASSETCATALOG_COMPILER_APPICON_NAME = AppIcon;
				ASSETCATALOG_COMPILER_GLOBAL_ACCENT_COLOR_NAME = AccentColor;
				CODE_SIGN_STYLE = Automatic;
				CURRENT_PROJECT_VERSION = 1;
				DEVELOPMENT_ASSET_PATHS = "\"SwiftfulMapApp/Preview Content\"";
				DEVELOPMENT_TEAM = AP3RC9AQ4U;
				ENABLE_PREVIEWS = YES;
				GENERATE_INFOPLIST_FILE = YES;
				INFOPLIST_FILE = SwiftfulMapApp/Info.plist;
				INFOPLIST_KEY_CFBundleDisplayName = "Europe Locations";
				INFOPLIST_KEY_UIApplicationSceneManifest_Generation = YES;
				INFOPLIST_KEY_UIApplicationSupportsIndirectInputEvents = YES;
				INFOPLIST_KEY_UISupportedInterfaceOrientations = UIInterfaceOrientationPortrait;
				INFOPLIST_KEY_UISupportedInterfaceOrientations_iPad = "UIInterfaceOrientationLandscapeLeft UIInterfaceOrientationLandscapeRight UIInterfaceOrientationPortrait UIInterfaceOrientationPortraitUpsideDown";
				LD_RUNPATH_SEARCH_PATHS = (
					"$(inherited)",
					"@executable_path/Frameworks",
				);
				MARKETING_VERSION = 1.0;
				PRODUCT_BUNDLE_IDENTIFIER = com.obedsalas.SwiftfulMapApp;
				PRODUCT_NAME = "$(TARGET_NAME)";
				SWIFT_EMIT_LOC_STRINGS = YES;
				SWIFT_VERSION = 5.0;
				TARGETED_DEVICE_FAMILY = "1,2";
			};
			name = Debug;
		};
		D58B6AC72A953890002B0EA7 /* Release */ = {
			isa = XCBuildConfiguration;
			buildSettings = {
				ASSETCATALOG_COMPILER_APPICON_NAME = AppIcon;
				ASSETCATALOG_COMPILER_GLOBAL_ACCENT_COLOR_NAME = AccentColor;
				CODE_SIGN_STYLE = Automatic;
				CURRENT_PROJECT_VERSION = 1;
				DEVELOPMENT_ASSET_PATHS = "\"SwiftfulMapApp/Preview Content\"";
				DEVELOPMENT_TEAM = AP3RC9AQ4U;
				ENABLE_PREVIEWS = YES;
				GENERATE_INFOPLIST_FILE = YES;
				INFOPLIST_FILE = SwiftfulMapApp/Info.plist;
				INFOPLIST_KEY_CFBundleDisplayName = "Europe Locations";
				INFOPLIST_KEY_UIApplicationSceneManifest_Generation = YES;
				INFOPLIST_KEY_UIApplicationSupportsIndirectInputEvents = YES;
				INFOPLIST_KEY_UISupportedInterfaceOrientations = UIInterfaceOrientationPortrait;
				INFOPLIST_KEY_UISupportedInterfaceOrientations_iPad = "UIInterfaceOrientationLandscapeLeft UIInterfaceOrientationLandscapeRight UIInterfaceOrientationPortrait UIInterfaceOrientationPortraitUpsideDown";
				LD_RUNPATH_SEARCH_PATHS = (
					"$(inherited)",
					"@executable_path/Frameworks",
				);
				MARKETING_VERSION = 1.0;
				PRODUCT_BUNDLE_IDENTIFIER = com.obedsalas.SwiftfulMapApp;
				PRODUCT_NAME = "$(TARGET_NAME)";
				SWIFT_EMIT_LOC_STRINGS = YES;
				SWIFT_VERSION = 5.0;
				TARGETED_DEVICE_FAMILY = "1,2";
			};
			name = Release;
		};
/* End XCBuildConfiguration section */

/* Begin XCConfigurationList section */
		D58B6AB22A953890002B0EA7 /* Build configuration list for PBXProject "SwiftfulMapApp" */ = {
			isa = XCConfigurationList;
			buildConfigurations = (
				D58B6AC32A953890002B0EA7 /* Debug */,
				D58B6AC42A953890002B0EA7 /* Release */,
			);
			defaultConfigurationIsVisible = 0;
			defaultConfigurationName = Release;
		};
		D58B6AC52A953890002B0EA7 /* Build configuration list for PBXNativeTarget "SwiftfulMapApp" */ = {
			isa = XCConfigurationList;
			buildConfigurations = (
				D58B6AC62A953890002B0EA7 /* Debug */,
				D58B6AC72A953890002B0EA7 /* Release */,
			);
			defaultConfigurationIsVisible = 0;
			defaultConfigurationName = Release;
		};
/* End XCConfigurationList section */
	};
	rootObject = D58B6AAF2A953890002B0EA7 /* Project object */;
}
